
Microsoft Visual Studio Solution File, Format Version 12.00
Project("{FAE04EC0-301F-11D3-BF4B-00C04F79EFBC}") = "PJHUtilLibrary", "PJHUtilLibrary\PJHUtilLibrary.csproj", "{65B97354-FBCE-4AAC-B51D-67398009F71C}"
EndProject
Global
	GlobalSection(SolutionConfigurationPlatforms) = preSolution
		Debug|Any CPU = Debug|Any CPU
		Release|Any CPU = Release|Any CPU
	EndGlobalSection
	GlobalSection(ProjectConfigurationPlatforms) = postSolution
		{65B97354-FBCE-4AAC-B51D-67398009F71C}.Debug|Any CPU.ActiveCfg = Debug|Any CPU
		{65B97354-FBCE-4AAC-B51D-67398009F71C}.Debug|Any CPU.Build.0 = Debug|Any CPU
		{65B97354-FBCE-4AAC-B51D-67398009F71C}.Release|Any CPU.ActiveCfg = Release|Any CPU
		{65B97354-FBCE-4AAC-B51D-67398009F71C}.Release|Any CPU.Build.0 = Release|Any CPU
	EndGlobalSection
EndGlobal
